// !$*UTF8*$!
{
	archiveVersion = 1;
	classes = {
	};
	objectVersion = 46;
	objects = {

/* Begin PBXBuildFile section */
		15C8A9DDC1AD741CC77B45B6 /* Pods_LivingTVDemo.framework in Frameworks */ = {isa = PBXBuildFile; fileRef = A22409B3C7A8FA7D3EF12B30 /* Pods_LivingTVDemo.framework */; };
		C901B8FB1E2773B5006ED761 /* NetworkTools.swift in Sources */ = {isa = PBXBuildFile; fileRef = C901B8FA1E2773B5006ED761 /* NetworkTools.swift */; };
		C901B8FE1E27743A006ED761 /* AnchorModel.swift in Sources */ = {isa = PBXBuildFile; fileRef = C901B8FD1E27743A006ED761 /* AnchorModel.swift */; };
		C901B9001E27745A006ED761 /* AnchorGroup.swift in Sources */ = {isa = PBXBuildFile; fileRef = C901B8FF1E27745A006ED761 /* AnchorGroup.swift */; };
		C901B9041E2775B3006ED761 /* RecommendViewModel.swift in Sources */ = {isa = PBXBuildFile; fileRef = C901B9031E2775B3006ED761 /* RecommendViewModel.swift */; };
		C901B9061E277A5F006ED761 /* CollectionBaseCell.swift in Sources */ = {isa = PBXBuildFile; fileRef = C901B9051E277A5F006ED761 /* CollectionBaseCell.swift */; };
		C9077B5B1E27647E00BAC67C /* NSDate+Extension.swift in Sources */ = {isa = PBXBuildFile; fileRef = C9077B5A1E27647E00BAC67C /* NSDate+Extension.swift */; };
		C9077B5E1E27655900BAC67C /* CollectionPretyCell.swift in Sources */ = {isa = PBXBuildFile; fileRef = C9077B5C1E27655900BAC67C /* CollectionPretyCell.swift */; };
		C9077B5F1E27655900BAC67C /* CollectionPretyCell.xib in Resources */ = {isa = PBXBuildFile; fileRef = C9077B5D1E27655900BAC67C /* CollectionPretyCell.xib */; };
		C91A0FF31E27ED1F0067B345 /* BaseViewModel.swift in Sources */ = {isa = PBXBuildFile; fileRef = C91A0FF21E27ED1F0067B345 /* BaseViewModel.swift */; };
		C94758F11E31B9CC0093EA8D /* BaseGameModel.swift in Sources */ = {isa = PBXBuildFile; fileRef = C94758F01E31B9CC0093EA8D /* BaseGameModel.swift */; };
		C94758F31E31BB400093EA8D /* LoadingViewController.swift in Sources */ = {isa = PBXBuildFile; fileRef = C94758F21E31BB400093EA8D /* LoadingViewController.swift */; };
		C94758F51E31BC680093EA8D /* BaseAnchorViewController.swift in Sources */ = {isa = PBXBuildFile; fileRef = C94758F41E31BC680093EA8D /* BaseAnchorViewController.swift */; };
		C94758F71E31BEEA0093EA8D /* CycleModel.swift in Sources */ = {isa = PBXBuildFile; fileRef = C94758F61E31BEEA0093EA8D /* CycleModel.swift */; };
		C94758F91E31BF710093EA8D /* RecommendCycleView.swift in Sources */ = {isa = PBXBuildFile; fileRef = C94758F81E31BF710093EA8D /* RecommendCycleView.swift */; };
		C94758FB1E31BF870093EA8D /* RecommendCycleView.xib in Resources */ = {isa = PBXBuildFile; fileRef = C94758FA1E31BF870093EA8D /* RecommendCycleView.xib */; };
		C94758FD1E31C13B0093EA8D /* CollectionCycleCell.swift in Sources */ = {isa = PBXBuildFile; fileRef = C94758FC1E31C13B0093EA8D /* CollectionCycleCell.swift */; };
		C94758FF1E31C15F0093EA8D /* CollectionCycleCell.xib in Resources */ = {isa = PBXBuildFile; fileRef = C94758FE1E31C15F0093EA8D /* CollectionCycleCell.xib */; };
		C94759051E31C6870093EA8D /* RoomShowViewController.swift in Sources */ = {isa = PBXBuildFile; fileRef = C94759041E31C6870093EA8D /* RoomShowViewController.swift */; };
		C94759071E31C6980093EA8D /* RoomNormalViewController.swift in Sources */ = {isa = PBXBuildFile; fileRef = C94759061E31C6980093EA8D /* RoomNormalViewController.swift */; };
		C94759091E31C84C0093EA8D /* RecommendGameView.swift in Sources */ = {isa = PBXBuildFile; fileRef = C94759081E31C84C0093EA8D /* RecommendGameView.swift */; };
		C947590B1E31C86A0093EA8D /* RecommendGameView.xib in Resources */ = {isa = PBXBuildFile; fileRef = C947590A1E31C86A0093EA8D /* RecommendGameView.xib */; };
		C947590E1E31C97D0093EA8D /* CollectionGameCell.swift in Sources */ = {isa = PBXBuildFile; fileRef = C947590C1E31C97D0093EA8D /* CollectionGameCell.swift */; };
		C947590F1E31C97D0093EA8D /* CollectionGameCell.xib in Resources */ = {isa = PBXBuildFile; fileRef = C947590D1E31C97D0093EA8D /* CollectionGameCell.xib */; };
		C97C00BE1E23957F0066D741 /* AppDelegate.swift in Sources */ = {isa = PBXBuildFile; fileRef = C97C00BD1E23957F0066D741 /* AppDelegate.swift */; };
		C97C00C81E23957F0066D741 /* LaunchScreen.storyboard in Resources */ = {isa = PBXBuildFile; fileRef = C97C00C61E23957F0066D741 /* LaunchScreen.storyboard */; };
		C97C00E61E23A4280066D741 /* Home.storyboard in Resources */ = {isa = PBXBuildFile; fileRef = C97C00E51E23A4280066D741 /* Home.storyboard */; };
		C97C00E81E23A49E0066D741 /* Living.storyboard in Resources */ = {isa = PBXBuildFile; fileRef = C97C00E71E23A49E0066D741 /* Living.storyboard */; };
		C97C00EA1E23A4F10066D741 /* Follow.storyboard in Resources */ = {isa = PBXBuildFile; fileRef = C97C00E91E23A4F10066D741 /* Follow.storyboard */; };
		C97C00EC1E23A5920066D741 /* Profile.storyboard in Resources */ = {isa = PBXBuildFile; fileRef = C97C00EB1E23A5920066D741 /* Profile.storyboard */; };
		C97C00EE1E23A8E30066D741 /* Assets.xcassets in Resources */ = {isa = PBXBuildFile; fileRef = C97C00ED1E23A8E30066D741 /* Assets.xcassets */; };
		C97C00F01E23AF5A0066D741 /* HomeViewController.swift in Sources */ = {isa = PBXBuildFile; fileRef = C97C00EF1E23AF5A0066D741 /* HomeViewController.swift */; };
		C97C00F31E23BAF70066D741 /* UIBarButtonItem+Extension.swift in Sources */ = {isa = PBXBuildFile; fileRef = C97C00F21E23BAF70066D741 /* UIBarButtonItem+Extension.swift */; };
		C97C00FA1E23C23F0066D741 /* Main.storyboard in Resources */ = {isa = PBXBuildFile; fileRef = C97C00F71E23C23F0066D741 /* Main.storyboard */; };
		C97C00FB1E23C23F0066D741 /* MainTabBarController.swift in Sources */ = {isa = PBXBuildFile; fileRef = C97C00F81E23C23F0066D741 /* MainTabBarController.swift */; };
		C97C00FD1E23C2560066D741 /* PageTitleView.swift in Sources */ = {isa = PBXBuildFile; fileRef = C97C00FC1E23C2560066D741 /* PageTitleView.swift */; };
		C97C00FF1E23C5290066D741 /* Common.swift in Sources */ = {isa = PBXBuildFile; fileRef = C97C00FE1E23C5290066D741 /* Common.swift */; };
		C97C01011E23DCFF0066D741 /* PageContentView.swift in Sources */ = {isa = PBXBuildFile; fileRef = C97C01001E23DCFF0066D741 /* PageContentView.swift */; };
		C97C01031E23E2D70066D741 /* RecommendViewController.swift in Sources */ = {isa = PBXBuildFile; fileRef = C97C01021E23E2D70066D741 /* RecommendViewController.swift */; };
		C97C01051E23E2E40066D741 /* GameViewController.swift in Sources */ = {isa = PBXBuildFile; fileRef = C97C01041E23E2E40066D741 /* GameViewController.swift */; };
		C97C01071E23E2F70066D741 /* PhoneGameViewController.swift in Sources */ = {isa = PBXBuildFile; fileRef = C97C01061E23E2F70066D741 /* PhoneGameViewController.swift */; };
		C97C01091E23E30A0066D741 /* AmuseViewController.swift in Sources */ = {isa = PBXBuildFile; fileRef = C97C01081E23E30A0066D741 /* AmuseViewController.swift */; };
		C97C010B1E23E3150066D741 /* FunnyViewController.swift in Sources */ = {isa = PBXBuildFile; fileRef = C97C010A1E23E3150066D741 /* FunnyViewController.swift */; };
		C97C010D1E23F3560066D741 /* UIColor+Extension.swift in Sources */ = {isa = PBXBuildFile; fileRef = C97C010C1E23F3560066D741 /* UIColor+Extension.swift */; };
		C97C01101E2624840066D741 /* CollectionHeaderView.swift in Sources */ = {isa = PBXBuildFile; fileRef = C97C010E1E2624840066D741 /* CollectionHeaderView.swift */; };
		C97C01111E2624840066D741 /* CollectionHeaderView.xib in Resources */ = {isa = PBXBuildFile; fileRef = C97C010F1E2624840066D741 /* CollectionHeaderView.xib */; };
		C97C01141E26272B0066D741 /* CollectionNormalCell.swift in Sources */ = {isa = PBXBuildFile; fileRef = C97C01121E26272B0066D741 /* CollectionNormalCell.swift */; };
		C97C01151E26272B0066D741 /* CollectionNormalCell.xib in Resources */ = {isa = PBXBuildFile; fileRef = C97C01131E26272B0066D741 /* CollectionNormalCell.xib */; };
/* End PBXBuildFile section */

/* Begin PBXFileReference section */
		44B06E1EF56D85AAAA250009 /* Pods-LivingTVDemo.debug.xcconfig */ = {isa = PBXFileReference; includeInIndex = 1; lastKnownFileType = text.xcconfig; name = "Pods-LivingTVDemo.debug.xcconfig"; path = "Pods/Target Support Files/Pods-LivingTVDemo/Pods-LivingTVDemo.debug.xcconfig"; sourceTree = "<group>"; };
		58AE717C820DD13477C83383 /* Pods-LivingTVDemo.release.xcconfig */ = {isa = PBXFileReference; includeInIndex = 1; lastKnownFileType = text.xcconfig; name = "Pods-LivingTVDemo.release.xcconfig"; path = "Pods/Target Support Files/Pods-LivingTVDemo/Pods-LivingTVDemo.release.xcconfig"; sourceTree = "<group>"; };
		A22409B3C7A8FA7D3EF12B30 /* Pods_LivingTVDemo.framework */ = {isa = PBXFileReference; explicitFileType = wrapper.framework; includeInIndex = 0; path = Pods_LivingTVDemo.framework; sourceTree = BUILT_PRODUCTS_DIR; };
		C901B8FA1E2773B5006ED761 /* NetworkTools.swift */ = {isa = PBXFileReference; fileEncoding = 4; lastKnownFileType = sourcecode.swift; path = NetworkTools.swift; sourceTree = "<group>"; };
		C901B8FD1E27743A006ED761 /* AnchorModel.swift */ = {isa = PBXFileReference; fileEncoding = 4; lastKnownFileType = sourcecode.swift; path = AnchorModel.swift; sourceTree = "<group>"; };
		C901B8FF1E27745A006ED761 /* AnchorGroup.swift */ = {isa = PBXFileReference; fileEncoding = 4; lastKnownFileType = sourcecode.swift; path = AnchorGroup.swift; sourceTree = "<group>"; };
		C901B9031E2775B3006ED761 /* RecommendViewModel.swift */ = {isa = PBXFileReference; fileEncoding = 4; lastKnownFileType = sourcecode.swift; path = RecommendViewModel.swift; sourceTree = "<group>"; };
		C901B9051E277A5F006ED761 /* CollectionBaseCell.swift */ = {isa = PBXFileReference; fileEncoding = 4; lastKnownFileType = sourcecode.swift; path = CollectionBaseCell.swift; sourceTree = "<group>"; };
		C9077B5A1E27647E00BAC67C /* NSDate+Extension.swift */ = {isa = PBXFileReference; fileEncoding = 4; lastKnownFileType = sourcecode.swift; path = "NSDate+Extension.swift"; sourceTree = "<group>"; };
		C9077B5C1E27655900BAC67C /* CollectionPretyCell.swift */ = {isa = PBXFileReference; fileEncoding = 4; lastKnownFileType = sourcecode.swift; path = CollectionPretyCell.swift; sourceTree = "<group>"; };
		C9077B5D1E27655900BAC67C /* CollectionPretyCell.xib */ = {isa = PBXFileReference; fileEncoding = 4; lastKnownFileType = file.xib; path = CollectionPretyCell.xib; sourceTree = "<group>"; };
		C91A0FF21E27ED1F0067B345 /* BaseViewModel.swift */ = {isa = PBXFileReference; fileEncoding = 4; lastKnownFileType = sourcecode.swift; path = BaseViewModel.swift; sourceTree = "<group>"; };
		C94758F01E31B9CC0093EA8D /* BaseGameModel.swift */ = {isa = PBXFileReference; fileEncoding = 4; lastKnownFileType = sourcecode.swift; path = BaseGameModel.swift; sourceTree = "<group>"; };
		C94758F21E31BB400093EA8D /* LoadingViewController.swift */ = {isa = PBXFileReference; fileEncoding = 4; lastKnownFileType = sourcecode.swift; path = LoadingViewController.swift; sourceTree = "<group>"; };
		C94758F41E31BC680093EA8D /* BaseAnchorViewController.swift */ = {isa = PBXFileReference; fileEncoding = 4; lastKnownFileType = sourcecode.swift; path = BaseAnchorViewController.swift; sourceTree = "<group>"; };
		C94758F61E31BEEA0093EA8D /* CycleModel.swift */ = {isa = PBXFileReference; fileEncoding = 4; lastKnownFileType = sourcecode.swift; path = CycleModel.swift; sourceTree = "<group>"; };
		C94758F81E31BF710093EA8D /* RecommendCycleView.swift */ = {isa = PBXFileReference; fileEncoding = 4; lastKnownFileType = sourcecode.swift; path = RecommendCycleView.swift; sourceTree = "<group>"; };
		C94758FA1E31BF870093EA8D /* RecommendCycleView.xib */ = {isa = PBXFileReference; fileEncoding = 4; lastKnownFileType = file.xib; path = RecommendCycleView.xib; sourceTree = "<group>"; };
		C94758FC1E31C13B0093EA8D /* CollectionCycleCell.swift */ = {isa = PBXFileReference; fileEncoding = 4; lastKnownFileType = sourcecode.swift; path = CollectionCycleCell.swift; sourceTree = "<group>"; };
		C94758FE1E31C15F0093EA8D /* CollectionCycleCell.xib */ = {isa = PBXFileReference; fileEncoding = 4; lastKnownFileType = file.xib; path = CollectionCycleCell.xib; sourceTree = "<group>"; };
		C94759041E31C6870093EA8D /* RoomShowViewController.swift */ = {isa = PBXFileReference; fileEncoding = 4; lastKnownFileType = sourcecode.swift; path = RoomShowViewController.swift; sourceTree = "<group>"; };
		C94759061E31C6980093EA8D /* RoomNormalViewController.swift */ = {isa = PBXFileReference; fileEncoding = 4; lastKnownFileType = sourcecode.swift; path = RoomNormalViewController.swift; sourceTree = "<group>"; };
		C94759081E31C84C0093EA8D /* RecommendGameView.swift */ = {isa = PBXFileReference; fileEncoding = 4; lastKnownFileType = sourcecode.swift; path = RecommendGameView.swift; sourceTree = "<group>"; };
		C947590A1E31C86A0093EA8D /* RecommendGameView.xib */ = {isa = PBXFileReference; fileEncoding = 4; lastKnownFileType = file.xib; path = RecommendGameView.xib; sourceTree = "<group>"; };
		C947590C1E31C97D0093EA8D /* CollectionGameCell.swift */ = {isa = PBXFileReference; fileEncoding = 4; lastKnownFileType = sourcecode.swift; path = CollectionGameCell.swift; sourceTree = "<group>"; };
		C947590D1E31C97D0093EA8D /* CollectionGameCell.xib */ = {isa = PBXFileReference; fileEncoding = 4; lastKnownFileType = file.xib; path = CollectionGameCell.xib; sourceTree = "<group>"; };
		C97C00BA1E23957F0066D741 /* LivingTVDemo.app */ = {isa = PBXFileReference; explicitFileType = wrapper.application; includeInIndex = 0; path = LivingTVDemo.app; sourceTree = BUILT_PRODUCTS_DIR; };
		C97C00BD1E23957F0066D741 /* AppDelegate.swift */ = {isa = PBXFileReference; lastKnownFileType = sourcecode.swift; path = AppDelegate.swift; sourceTree = "<group>"; };
		C97C00C71E23957F0066D741 /* Base */ = {isa = PBXFileReference; lastKnownFileType = file.storyboard; name = Base; path = Base.lproj/LaunchScreen.storyboard; sourceTree = "<group>"; };
		C97C00C91E23957F0066D741 /* Info.plist */ = {isa = PBXFileReference; lastKnownFileType = text.plist.xml; path = Info.plist; sourceTree = "<group>"; };
		C97C00E51E23A4280066D741 /* Home.storyboard */ = {isa = PBXFileReference; fileEncoding = 4; lastKnownFileType = file.storyboard; path = Home.storyboard; sourceTree = "<group>"; };
		C97C00E71E23A49E0066D741 /* Living.storyboard */ = {isa = PBXFileReference; fileEncoding = 4; lastKnownFileType = file.storyboard; path = Living.storyboard; sourceTree = "<group>"; };
		C97C00E91E23A4F10066D741 /* Follow.storyboard */ = {isa = PBXFileReference; fileEncoding = 4; lastKnownFileType = file.storyboard; path = Follow.storyboard; sourceTree = "<group>"; };
		C97C00EB1E23A5920066D741 /* Profile.storyboard */ = {isa = PBXFileReference; fileEncoding = 4; lastKnownFileType = file.storyboard; path = Profile.storyboard; sourceTree = "<group>"; };
		C97C00ED1E23A8E30066D741 /* Assets.xcassets */ = {isa = PBXFileReference; lastKnownFileType = folder.assetcatalog; path = Assets.xcassets; sourceTree = "<group>"; };
		C97C00EF1E23AF5A0066D741 /* HomeViewController.swift */ = {isa = PBXFileReference; fileEncoding = 4; lastKnownFileType = sourcecode.swift; path = HomeViewController.swift; sourceTree = "<group>"; };
		C97C00F21E23BAF70066D741 /* UIBarButtonItem+Extension.swift */ = {isa = PBXFileReference; fileEncoding = 4; lastKnownFileType = sourcecode.swift; path = "UIBarButtonItem+Extension.swift"; sourceTree = "<group>"; };
		C97C00F71E23C23F0066D741 /* Main.storyboard */ = {isa = PBXFileReference; fileEncoding = 4; lastKnownFileType = file.storyboard; path = Main.storyboard; sourceTree = "<group>"; };
		C97C00F81E23C23F0066D741 /* MainTabBarController.swift */ = {isa = PBXFileReference; fileEncoding = 4; lastKnownFileType = sourcecode.swift; path = MainTabBarController.swift; sourceTree = "<group>"; };
		C97C00FC1E23C2560066D741 /* PageTitleView.swift */ = {isa = PBXFileReference; fileEncoding = 4; lastKnownFileType = sourcecode.swift; path = PageTitleView.swift; sourceTree = "<group>"; };
		C97C00FE1E23C5290066D741 /* Common.swift */ = {isa = PBXFileReference; fileEncoding = 4; lastKnownFileType = sourcecode.swift; name = Common.swift; path = Extension/Common.swift; sourceTree = "<group>"; };
		C97C01001E23DCFF0066D741 /* PageContentView.swift */ = {isa = PBXFileReference; fileEncoding = 4; lastKnownFileType = sourcecode.swift; path = PageContentView.swift; sourceTree = "<group>"; };
		C97C01021E23E2D70066D741 /* RecommendViewController.swift */ = {isa = PBXFileReference; fileEncoding = 4; lastKnownFileType = sourcecode.swift; path = RecommendViewController.swift; sourceTree = "<group>"; };
		C97C01041E23E2E40066D741 /* GameViewController.swift */ = {isa = PBXFileReference; fileEncoding = 4; lastKnownFileType = sourcecode.swift; path = GameViewController.swift; sourceTree = "<group>"; };
		C97C01061E23E2F70066D741 /* PhoneGameViewController.swift */ = {isa = PBXFileReference; fileEncoding = 4; lastKnownFileType = sourcecode.swift; path = PhoneGameViewController.swift; sourceTree = "<group>"; };
		C97C01081E23E30A0066D741 /* AmuseViewController.swift */ = {isa = PBXFileReference; fileEncoding = 4; lastKnownFileType = sourcecode.swift; path = AmuseViewController.swift; sourceTree = "<group>"; };
		C97C010A1E23E3150066D741 /* FunnyViewController.swift */ = {isa = PBXFileReference; fileEncoding = 4; lastKnownFileType = sourcecode.swift; path = FunnyViewController.swift; sourceTree = "<group>"; };
		C97C010C1E23F3560066D741 /* UIColor+Extension.swift */ = {isa = PBXFileReference; fileEncoding = 4; lastKnownFileType = sourcecode.swift; path = "UIColor+Extension.swift"; sourceTree = "<group>"; };
		C97C010E1E2624840066D741 /* CollectionHeaderView.swift */ = {isa = PBXFileReference; fileEncoding = 4; lastKnownFileType = sourcecode.swift; path = CollectionHeaderView.swift; sourceTree = "<group>"; };
		C97C010F1E2624840066D741 /* CollectionHeaderView.xib */ = {isa = PBXFileReference; fileEncoding = 4; lastKnownFileType = file.xib; path = CollectionHeaderView.xib; sourceTree = "<group>"; };
		C97C01121E26272B0066D741 /* CollectionNormalCell.swift */ = {isa = PBXFileReference; fileEncoding = 4; lastKnownFileType = sourcecode.swift; path = CollectionNormalCell.swift; sourceTree = "<group>"; };
		C97C01131E26272B0066D741 /* CollectionNormalCell.xib */ = {isa = PBXFileReference; fileEncoding = 4; lastKnownFileType = file.xib; path = CollectionNormalCell.xib; sourceTree = "<group>"; };
/* End PBXFileReference section */

/* Begin PBXFrameworksBuildPhase section */
		C97C00B71E23957E0066D741 /* Frameworks */ = {
			isa = PBXFrameworksBuildPhase;
			buildActionMask = 2147483647;
			files = (
				15C8A9DDC1AD741CC77B45B6 /* Pods_LivingTVDemo.framework in Frameworks */,
			);
			runOnlyForDeploymentPostprocessing = 0;
		};
/* End PBXFrameworksBuildPhase section */

/* Begin PBXGroup section */
		376FF580B7CA4F158FCE04D9 /* Frameworks */ = {
			isa = PBXGroup;
			children = (
				A22409B3C7A8FA7D3EF12B30 /* Pods_LivingTVDemo.framework */,
			);
			name = Frameworks;
			sourceTree = "<group>";
		};
		6CD11843C71ED287AC879A54 /* Pods */ = {
			isa = PBXGroup;
			children = (
				44B06E1EF56D85AAAA250009 /* Pods-LivingTVDemo.debug.xcconfig */,
				58AE717C820DD13477C83383 /* Pods-LivingTVDemo.release.xcconfig */,
			);
			name = Pods;
			sourceTree = "<group>";
		};
		C901B8FC1E277412006ED761 /* Model */ = {
			isa = PBXGroup;
			children = (
				C94758F01E31B9CC0093EA8D /* BaseGameModel.swift */,
				C901B8FD1E27743A006ED761 /* AnchorModel.swift */,
				C901B8FF1E27745A006ED761 /* AnchorGroup.swift */,
			);
			path = Model;
			sourceTree = "<group>";
		};
		C901B9011E27758B006ED761 /* Model */ = {
			isa = PBXGroup;
			children = (
				C94758F61E31BEEA0093EA8D /* CycleModel.swift */,
			);
			name = Model;
			path = Controller/Model;
			sourceTree = "<group>";
		};
		C901B9021E27758B006ED761 /* ViewModel */ = {
			isa = PBXGroup;
			children = (
				C901B9031E2775B3006ED761 /* RecommendViewModel.swift */,
			);
			name = ViewModel;
			path = Controller/ViewModel;
			sourceTree = "<group>";
		};
		C91A0FF11E27ED0F0067B345 /* ViewModel */ = {
			isa = PBXGroup;
			children = (
				C91A0FF21E27ED1F0067B345 /* BaseViewModel.swift */,
			);
			path = ViewModel;
			sourceTree = "<group>";
		};
		C94759001E31C66B0093EA8D /* Room */ = {
			isa = PBXGroup;
			children = (
				C94759011E31C66B0093EA8D /* Controller */,
				C94759021E31C66B0093EA8D /* Model */,
				C94759031E31C66B0093EA8D /* View */,
			);
			path = Room;
			sourceTree = "<group>";
		};
		C94759011E31C66B0093EA8D /* Controller */ = {
			isa = PBXGroup;
			children = (
				C94759041E31C6870093EA8D /* RoomShowViewController.swift */,
				C94759061E31C6980093EA8D /* RoomNormalViewController.swift */,
			);
			path = Controller;
			sourceTree = "<group>";
		};
		C94759021E31C66B0093EA8D /* Model */ = {
			isa = PBXGroup;
			children = (
			);
			path = Model;
			sourceTree = "<group>";
		};
		C94759031E31C66B0093EA8D /* View */ = {
			isa = PBXGroup;
			children = (
			);
			path = View;
			sourceTree = "<group>";
		};
		C97C00B11E23957E0066D741 = {
			isa = PBXGroup;
			children = (
				C97C00BC1E23957F0066D741 /* LivingTVDemo */,
				C97C00BB1E23957F0066D741 /* Products */,
				6CD11843C71ED287AC879A54 /* Pods */,
				376FF580B7CA4F158FCE04D9 /* Frameworks */,
			);
			sourceTree = "<group>";
		};
		C97C00BB1E23957F0066D741 /* Products */ = {
			isa = PBXGroup;
			children = (
				C97C00BA1E23957F0066D741 /* LivingTVDemo.app */,
			);
			name = Products;
			sourceTree = "<group>";
		};
		C97C00BC1E23957F0066D741 /* LivingTVDemo */ = {
			isa = PBXGroup;
			children = (
				C97C00BD1E23957F0066D741 /* AppDelegate.swift */,
				C97C00CF1E2397A70066D741 /* Classes */,
				C97C00C61E23957F0066D741 /* LaunchScreen.storyboard */,
				C97C00ED1E23A8E30066D741 /* Assets.xcassets */,
				C97C00C91E23957F0066D741 /* Info.plist */,
			);
			path = LivingTVDemo;
			sourceTree = "<group>";
		};
		C97C00CF1E2397A70066D741 /* Classes */ = {
			isa = PBXGroup;
			children = (
				C94759001E31C66B0093EA8D /* Room */,
				C97C00D01E2397A70066D741 /* Follow */,
				C97C00D41E2397A70066D741 /* Home */,
				C97C00D81E2397A70066D741 /* Living */,
				C97C00DE1E2397A70066D741 /* Profile */,
				C97C00DC1E2397A70066D741 /* Main */,
				C97C00E21E2397A70066D741 /* Tools */,
			);
			path = Classes;
			sourceTree = "<group>";
		};
		C97C00D01E2397A70066D741 /* Follow */ = {
			isa = PBXGroup;
			children = (
				C97C00D11E2397A70066D741 /* Controller */,
				C97C00D21E2397A70066D741 /* Model */,
				C97C00D31E2397A70066D741 /* View */,
			);
			path = Follow;
			sourceTree = "<group>";
		};
		C97C00D11E2397A70066D741 /* Controller */ = {
			isa = PBXGroup;
			children = (
				C97C00E91E23A4F10066D741 /* Follow.storyboard */,
			);
			path = Controller;
			sourceTree = "<group>";
		};
		C97C00D21E2397A70066D741 /* Model */ = {
			isa = PBXGroup;
			children = (
			);
			path = Model;
			sourceTree = "<group>";
		};
		C97C00D31E2397A70066D741 /* View */ = {
			isa = PBXGroup;
			children = (
			);
			path = View;
			sourceTree = "<group>";
		};
		C97C00D41E2397A70066D741 /* Home */ = {
			isa = PBXGroup;
			children = (
				C97C00D51E2397A70066D741 /* Controller */,
				C901B9021E27758B006ED761 /* ViewModel */,
				C901B9011E27758B006ED761 /* Model */,
				C97C00D71E2397A70066D741 /* View */,
			);
			path = Home;
			sourceTree = "<group>";
		};
		C97C00D51E2397A70066D741 /* Controller */ = {
			isa = PBXGroup;
			children = (
				C97C00E51E23A4280066D741 /* Home.storyboard */,
				C97C00EF1E23AF5A0066D741 /* HomeViewController.swift */,
				C97C01021E23E2D70066D741 /* RecommendViewController.swift */,
				C97C01041E23E2E40066D741 /* GameViewController.swift */,
				C97C01061E23E2F70066D741 /* PhoneGameViewController.swift */,
				C97C01081E23E30A0066D741 /* AmuseViewController.swift */,
				C97C010A1E23E3150066D741 /* FunnyViewController.swift */,
			);
			path = Controller;
			sourceTree = "<group>";
		};
		C97C00D71E2397A70066D741 /* View */ = {
			isa = PBXGroup;
			children = (
				C97C010E1E2624840066D741 /* CollectionHeaderView.swift */,
				C97C010F1E2624840066D741 /* CollectionHeaderView.xib */,
				C94758F81E31BF710093EA8D /* RecommendCycleView.swift */,
				C94758FA1E31BF870093EA8D /* RecommendCycleView.xib */,
				C94758FC1E31C13B0093EA8D /* CollectionCycleCell.swift */,
				C94758FE1E31C15F0093EA8D /* CollectionCycleCell.xib */,
				C94759081E31C84C0093EA8D /* RecommendGameView.swift */,
				C947590A1E31C86A0093EA8D /* RecommendGameView.xib */,
				C947590C1E31C97D0093EA8D /* CollectionGameCell.swift */,
				C947590D1E31C97D0093EA8D /* CollectionGameCell.xib */,
			);
			path = View;
			sourceTree = "<group>";
		};
		C97C00D81E2397A70066D741 /* Living */ = {
			isa = PBXGroup;
			children = (
				C97C00D91E2397A70066D741 /* Controller */,
				C97C00DA1E2397A70066D741 /* Model */,
				C97C00DB1E2397A70066D741 /* View */,
			);
			path = Living;
			sourceTree = "<group>";
		};
		C97C00D91E2397A70066D741 /* Controller */ = {
			isa = PBXGroup;
			children = (
				C97C00E71E23A49E0066D741 /* Living.storyboard */,
			);
			path = Controller;
			sourceTree = "<group>";
		};
		C97C00DA1E2397A70066D741 /* Model */ = {
			isa = PBXGroup;
			children = (
			);
			path = Model;
			sourceTree = "<group>";
		};
		C97C00DB1E2397A70066D741 /* View */ = {
			isa = PBXGroup;
			children = (
			);
			path = View;
			sourceTree = "<group>";
		};
		C97C00DC1E2397A70066D741 /* Main */ = {
			isa = PBXGroup;
			children = (
				C91A0FF11E27ED0F0067B345 /* ViewModel */,
				C901B8FC1E277412006ED761 /* Model */,
				C97C00F61E23C23F0066D741 /* Controller */,
				C97C00F91E23C23F0066D741 /* View */,
			);
			path = Main;
			sourceTree = "<group>";
		};
		C97C00DE1E2397A70066D741 /* Profile */ = {
			isa = PBXGroup;
			children = (
				C97C00DF1E2397A70066D741 /* Controller */,
				C97C00E01E2397A70066D741 /* Model */,
				C97C00E11E2397A70066D741 /* View */,
			);
			path = Profile;
			sourceTree = "<group>";
		};
		C97C00DF1E2397A70066D741 /* Controller */ = {
			isa = PBXGroup;
			children = (
				C97C00EB1E23A5920066D741 /* Profile.storyboard */,
			);
			path = Controller;
			sourceTree = "<group>";
		};
		C97C00E01E2397A70066D741 /* Model */ = {
			isa = PBXGroup;
			children = (
			);
			path = Model;
			sourceTree = "<group>";
		};
		C97C00E11E2397A70066D741 /* View */ = {
			isa = PBXGroup;
			children = (
			);
			path = View;
			sourceTree = "<group>";
		};
		C97C00E21E2397A70066D741 /* Tools */ = {
			isa = PBXGroup;
			children = (
				C97C00F11E23BA810066D741 /* Extension */,
				C97C00FE1E23C5290066D741 /* Common.swift */,
				C901B8FA1E2773B5006ED761 /* NetworkTools.swift */,
			);
			path = Tools;
			sourceTree = "<group>";
		};
		C97C00F11E23BA810066D741 /* Extension */ = {
			isa = PBXGroup;
			children = (
				C97C00F21E23BAF70066D741 /* UIBarButtonItem+Extension.swift */,
				C97C010C1E23F3560066D741 /* UIColor+Extension.swift */,
				C9077B5A1E27647E00BAC67C /* NSDate+Extension.swift */,
			);
			path = Extension;
			sourceTree = "<group>";
		};
		C97C00F61E23C23F0066D741 /* Controller */ = {
			isa = PBXGroup;
			children = (
				C97C00F71E23C23F0066D741 /* Main.storyboard */,
				C97C00F81E23C23F0066D741 /* MainTabBarController.swift */,
				C94758F21E31BB400093EA8D /* LoadingViewController.swift */,
				C94758F41E31BC680093EA8D /* BaseAnchorViewController.swift */,
			);
			path = Controller;
			sourceTree = "<group>";
		};
		C97C00F91E23C23F0066D741 /* View */ = {
			isa = PBXGroup;
			children = (
				C97C00FC1E23C2560066D741 /* PageTitleView.swift */,
				C97C01001E23DCFF0066D741 /* PageContentView.swift */,
				C97C01121E26272B0066D741 /* CollectionNormalCell.swift */,
				C97C01131E26272B0066D741 /* CollectionNormalCell.xib */,
				C9077B5C1E27655900BAC67C /* CollectionPretyCell.swift */,
				C9077B5D1E27655900BAC67C /* CollectionPretyCell.xib */,
				C901B9051E277A5F006ED761 /* CollectionBaseCell.swift */,
			);
			path = View;
			sourceTree = "<group>";
		};
/* End PBXGroup section */

/* Begin PBXNativeTarget section */
		C97C00B91E23957E0066D741 /* LivingTVDemo */ = {
			isa = PBXNativeTarget;
			buildConfigurationList = C97C00CC1E23957F0066D741 /* Build configuration list for PBXNativeTarget "LivingTVDemo" */;
			buildPhases = (
				FF7D4DB7288DEC752F92EC03 /* [CP] Check Pods Manifest.lock */,
				C97C00B61E23957E0066D741 /* Sources */,
				C97C00B71E23957E0066D741 /* Frameworks */,
				C97C00B81E23957E0066D741 /* Resources */,
				96109C730DF945835FCE8A37 /* [CP] Embed Pods Frameworks */,
				9D45523EC122C364B575C0E5 /* [CP] Copy Pods Resources */,
			);
			buildRules = (
			);
			dependencies = (
			);
			name = LivingTVDemo;
			productName = LivingTVDemo;
			productReference = C97C00BA1E23957F0066D741 /* LivingTVDemo.app */;
			productType = "com.apple.product-type.application";
		};
/* End PBXNativeTarget section */

/* Begin PBXProject section */
		C97C00B21E23957E0066D741 /* Project object */ = {
			isa = PBXProject;
			attributes = {
				LastSwiftUpdateCheck = 0820;
				LastUpgradeCheck = 0820;
				ORGANIZATIONNAME = "Lee Xiang";
				TargetAttributes = {
					C97C00B91E23957E0066D741 = {
						CreatedOnToolsVersion = 8.2.1;
						DevelopmentTeam = MG8F833H9S;
						ProvisioningStyle = Automatic;
					};
				};
			};
			buildConfigurationList = C97C00B51E23957E0066D741 /* Build configuration list for PBXProject "LivingTVDemo" */;
			compatibilityVersion = "Xcode 3.2";
			developmentRegion = English;
			hasScannedForEncodings = 0;
			knownRegions = (
				en,
				Base,
			);
			mainGroup = C97C00B11E23957E0066D741;
			productRefGroup = C97C00BB1E23957F0066D741 /* Products */;
			projectDirPath = "";
			projectRoot = "";
			targets = (
				C97C00B91E23957E0066D741 /* LivingTVDemo */,
			);
		};
/* End PBXProject section */

/* Begin PBXResourcesBuildPhase section */
		C97C00B81E23957E0066D741 /* Resources */ = {
			isa = PBXResourcesBuildPhase;
			buildActionMask = 2147483647;
			files = (
				C9077B5F1E27655900BAC67C /* CollectionPretyCell.xib in Resources */,
				C97C00FA1E23C23F0066D741 /* Main.storyboard in Resources */,
				C97C01111E2624840066D741 /* CollectionHeaderView.xib in Resources */,
				C97C01151E26272B0066D741 /* CollectionNormalCell.xib in Resources */,
				C97C00C81E23957F0066D741 /* LaunchScreen.storyboard in Resources */,
				C97C00E61E23A4280066D741 /* Home.storyboard in Resources */,
				C97C00E81E23A49E0066D741 /* Living.storyboard in Resources */,
				C947590F1E31C97D0093EA8D /* CollectionGameCell.xib in Resources */,
				C94758FB1E31BF870093EA8D /* RecommendCycleView.xib in Resources */,
				C94758FF1E31C15F0093EA8D /* CollectionCycleCell.xib in Resources */,
				C97C00EE1E23A8E30066D741 /* Assets.xcassets in Resources */,
				C97C00EC1E23A5920066D741 /* Profile.storyboard in Resources */,
				C947590B1E31C86A0093EA8D /* RecommendGameView.xib in Resources */,
				C97C00EA1E23A4F10066D741 /* Follow.storyboard in Resources */,
			);
			runOnlyForDeploymentPostprocessing = 0;
		};
/* End PBXResourcesBuildPhase section */

/* Begin PBXShellScriptBuildPhase section */
		96109C730DF945835FCE8A37 /* [CP] Embed Pods Frameworks */ = {
			isa = PBXShellScriptBuildPhase;
			buildActionMask = 2147483647;
			files = (
			);
			inputPaths = (
			);
			name = "[CP] Embed Pods Frameworks";
			outputPaths = (
			);
			runOnlyForDeploymentPostprocessing = 0;
			shellPath = /bin/sh;
			shellScript = "\"${SRCROOT}/Pods/Target Support Files/Pods-LivingTVDemo/Pods-LivingTVDemo-frameworks.sh\"\n";
			showEnvVarsInLog = 0;
		};
		9D45523EC122C364B575C0E5 /* [CP] Copy Pods Resources */ = {
			isa = PBXShellScriptBuildPhase;
			buildActionMask = 2147483647;
			files = (
			);
			inputPaths = (
			);
			name = "[CP] Copy Pods Resources";
			outputPaths = (
			);
			runOnlyForDeploymentPostprocessing = 0;
			shellPath = /bin/sh;
			shellScript = "\"${SRCROOT}/Pods/Target Support Files/Pods-LivingTVDemo/Pods-LivingTVDemo-resources.sh\"\n";
			showEnvVarsInLog = 0;
		};
		FF7D4DB7288DEC752F92EC03 /* [CP] Check Pods Manifest.lock */ = {
			isa = PBXShellScriptBuildPhase;
			buildActionMask = 2147483647;
			files = (
			);
			inputPaths = (
			);
			name = "[CP] Check Pods Manifest.lock";
			outputPaths = (
			);
			runOnlyForDeploymentPostprocessing = 0;
			shellPath = /bin/sh;
			shellScript = "diff \"${PODS_ROOT}/../Podfile.lock\" \"${PODS_ROOT}/Manifest.lock\" > /dev/null\nif [ $? != 0 ] ; then\n    # print error to STDERR\n    echo \"error: The sandbox is not in sync with the Podfile.lock. Run 'pod install' or update your CocoaPods installation.\" >&2\n    exit 1\nfi\n";
			showEnvVarsInLog = 0;
		};
/* End PBXShellScriptBuildPhase section */

/* Begin PBXSourcesBuildPhase section */
		C97C00B61E23957E0066D741 /* Sources */ = {
			isa = PBXSourcesBuildPhase;
			buildActionMask = 2147483647;
			files = (
				C97C00BE1E23957F0066D741 /* AppDelegate.swift in Sources */,
				C94759091E31C84C0093EA8D /* RecommendGameView.swift in Sources */,
				C97C01031E23E2D70066D741 /* RecommendViewController.swift in Sources */,
				C94758F51E31BC680093EA8D /* BaseAnchorViewController.swift in Sources */,
				C94758F71E31BEEA0093EA8D /* CycleModel.swift in Sources */,
				C901B9061E277A5F006ED761 /* CollectionBaseCell.swift in Sources */,
				C901B8FE1E27743A006ED761 /* AnchorModel.swift in Sources */,
				C97C00F31E23BAF70066D741 /* UIBarButtonItem+Extension.swift in Sources */,
				C97C00FD1E23C2560066D741 /* PageTitleView.swift in Sources */,
				C97C01141E26272B0066D741 /* CollectionNormalCell.swift in Sources */,
				C94758F31E31BB400093EA8D /* LoadingViewController.swift in Sources */,
				C97C01051E23E2E40066D741 /* GameViewController.swift in Sources */,
				C97C01071E23E2F70066D741 /* PhoneGameViewController.swift in Sources */,
				C94758F91E31BF710093EA8D /* RecommendCycleView.swift in Sources */,
				C97C01011E23DCFF0066D741 /* PageContentView.swift in Sources */,
				C9077B5B1E27647E00BAC67C /* NSDate+Extension.swift in Sources */,
				C97C00FB1E23C23F0066D741 /* MainTabBarController.swift in Sources */,
				C94758F11E31B9CC0093EA8D /* BaseGameModel.swift in Sources */,
				C97C00FF1E23C5290066D741 /* Common.swift in Sources */,
				C94758FD1E31C13B0093EA8D /* CollectionCycleCell.swift in Sources */,
				C901B9001E27745A006ED761 /* AnchorGroup.swift in Sources */,
				C94759071E31C6980093EA8D /* RoomNormalViewController.swift in Sources */,
				C91A0FF31E27ED1F0067B345 /* BaseViewModel.swift in Sources */,
				C901B9041E2775B3006ED761 /* RecommendViewModel.swift in Sources */,
				C97C01091E23E30A0066D741 /* AmuseViewController.swift in Sources */,
				C97C010D1E23F3560066D741 /* UIColor+Extension.swift in Sources */,
				C947590E1E31C97D0093EA8D /* CollectionGameCell.swift in Sources */,
				C97C01101E2624840066D741 /* CollectionHeaderView.swift in Sources */,
				C901B8FB1E2773B5006ED761 /* NetworkTools.swift in Sources */,
				C94759051E31C6870093EA8D /* RoomShowViewController.swift in Sources */,
				C97C00F01E23AF5A0066D741 /* HomeViewController.swift in Sources */,
				C97C010B1E23E3150066D741 /* FunnyViewController.swift in Sources */,
				C9077B5E1E27655900BAC67C /* CollectionPretyCell.swift in Sources */,
			);
			runOnlyForDeploymentPostprocessing = 0;
		};
/* End PBXSourcesBuildPhase section */

/* Begin PBXVariantGroup section */
		C97C00C61E23957F0066D741 /* LaunchScreen.storyboard */ = {
			isa = PBXVariantGroup;
			children = (
				C97C00C71E23957F0066D741 /* Base */,
			);
			name = LaunchScreen.storyboard;
			sourceTree = "<group>";
		};
/* End PBXVariantGroup section */

/* Begin XCBuildConfiguration section */
		C97C00CA1E23957F0066D741 /* Debug */ = {
			isa = XCBuildConfiguration;
			buildSettings = {
				ALWAYS_SEARCH_USER_PATHS = NO;
				CLANG_ANALYZER_NONNULL = YES;
				CLANG_CXX_LANGUAGE_STANDARD = "gnu++0x";
				CLANG_CXX_LIBRARY = "libc++";
				CLANG_ENABLE_MODULES = YES;
				CLANG_ENABLE_OBJC_ARC = YES;
				CLANG_WARN_BOOL_CONVERSION = YES;
				CLANG_WARN_CONSTANT_CONVERSION = YES;
				CLANG_WARN_DIRECT_OBJC_ISA_USAGE = YES_ERROR;
				CLANG_WARN_DOCUMENTATION_COMMENTS = YES;
				CLANG_WARN_EMPTY_BODY = YES;
				CLANG_WARN_ENUM_CONVERSION = YES;
				CLANG_WARN_INFINITE_RECURSION = YES;
				CLANG_WARN_INT_CONVERSION = YES;
				CLANG_WARN_OBJC_ROOT_CLASS = YES_ERROR;
				CLANG_WARN_SUSPICIOUS_MOVE = YES;
				CLANG_WARN_UNREACHABLE_CODE = YES;
				CLANG_WARN__DUPLICATE_METHOD_MATCH = YES;
				"CODE_SIGN_IDENTITY[sdk=iphoneos*]" = "iPhone Developer";
				COPY_PHASE_STRIP = NO;
				DEBUG_INFORMATION_FORMAT = dwarf;
				ENABLE_STRICT_OBJC_MSGSEND = YES;
				ENABLE_TESTABILITY = YES;
				GCC_C_LANGUAGE_STANDARD = gnu99;
				GCC_DYNAMIC_NO_PIC = NO;
				GCC_NO_COMMON_BLOCKS = YES;
				GCC_OPTIMIZATION_LEVEL = 0;
				GCC_PREPROCESSOR_DEFINITIONS = (
					"DEBUG=1",
					"$(inherited)",
				);
				GCC_WARN_64_TO_32_BIT_CONVERSION = YES;
				GCC_WARN_ABOUT_RETURN_TYPE = YES_ERROR;
				GCC_WARN_UNDECLARED_SELECTOR = YES;
				GCC_WARN_UNINITIALIZED_AUTOS = YES_AGGRESSIVE;
				GCC_WARN_UNUSED_FUNCTION = YES;
				GCC_WARN_UNUSED_VARIABLE = YES;
				IPHONEOS_DEPLOYMENT_TARGET = 10.2;
				MTL_ENABLE_DEBUG_INFO = YES;
				ONLY_ACTIVE_ARCH = YES;
				SDKROOT = iphoneos;
				SWIFT_ACTIVE_COMPILATION_CONDITIONS = DEBUG;
				SWIFT_OPTIMIZATION_LEVEL = "-Onone";
			};
			name = Debug;
		};
		C97C00CB1E23957F0066D741 /* Release */ = {
			isa = XCBuildConfiguration;
			buildSettings = {
				ALWAYS_SEARCH_USER_PATHS = NO;
				CLANG_ANALYZER_NONNULL = YES;
				CLANG_CXX_LANGUAGE_STANDARD = "gnu++0x";
				CLANG_CXX_LIBRARY = "libc++";
				CLANG_ENABLE_MODULES = YES;
				CLANG_ENABLE_OBJC_ARC = YES;
				CLANG_WARN_BOOL_CONVERSION = YES;
				CLANG_WARN_CONSTANT_CONVERSION = YES;
				CLANG_WARN_DIRECT_OBJC_ISA_USAGE = YES_ERROR;
				CLANG_WARN_DOCUMENTATION_COMMENTS = YES;
				CLANG_WARN_EMPTY_BODY = YES;
				CLANG_WARN_ENUM_CONVERSION = YES;
				CLANG_WARN_INFINITE_RECURSION = YES;
				CLANG_WARN_INT_CONVERSION = YES;
				CLANG_WARN_OBJC_ROOT_CLASS = YES_ERROR;
				CLANG_WARN_SUSPICIOUS_MOVE = YES;
				CLANG_WARN_UNREACHABLE_CODE = YES;
				CLANG_WARN__DUPLICATE_METHOD_MATCH = YES;
				"CODE_SIGN_IDENTITY[sdk=iphoneos*]" = "iPhone Developer";
				COPY_PHASE_STRIP = NO;
				DEBUG_INFORMATION_FORMAT = "dwarf-with-dsym";
				ENABLE_NS_ASSERTIONS = NO;
				ENABLE_STRICT_OBJC_MSGSEND = YES;
				GCC_C_LANGUAGE_STANDARD = gnu99;
				GCC_NO_COMMON_BLOCKS = YES;
				GCC_WARN_64_TO_32_BIT_CONVERSION = YES;
				GCC_WARN_ABOUT_RETURN_TYPE = YES_ERROR;
				GCC_WARN_UNDECLARED_SELECTOR = YES;
				GCC_WARN_UNINITIALIZED_AUTOS = YES_AGGRESSIVE;
				GCC_WARN_UNUSED_FUNCTION = YES;
				GCC_WARN_UNUSED_VARIABLE = YES;
				IPHONEOS_DEPLOYMENT_TARGET = 10.2;
				MTL_ENABLE_DEBUG_INFO = NO;
				SDKROOT = iphoneos;
				SWIFT_OPTIMIZATION_LEVEL = "-Owholemodule";
				VALIDATE_PRODUCT = YES;
			};
			name = Release;
		};
		C97C00CD1E23957F0066D741 /* Debug */ = {
			isa = XCBuildConfiguration;
			baseConfigurationReference = 44B06E1EF56D85AAAA250009 /* Pods-LivingTVDemo.debug.xcconfig */;
			buildSettings = {
				ASSETCATALOG_COMPILER_APPICON_NAME = AppIcon;
				ASSETCATALOG_COMPILER_LAUNCHIMAGE_NAME = LaunchImage;
				DEVELOPMENT_TEAM = MG8F833H9S;
				INFOPLIST_FILE = LivingTVDemo/Info.plist;
				IPHONEOS_DEPLOYMENT_TARGET = 9.0;
				LD_RUNPATH_SEARCH_PATHS = "$(inherited) @executable_path/Frameworks";
				PRODUCT_BUNDLE_IDENTIFIER = "airfoldcat-gmail.com.LivingTVDemo";
				PRODUCT_NAME = "$(TARGET_NAME)";
				SWIFT_VERSION = 3.0;
			};
			name = Debug;
		};
		C97C00CE1E23957F0066D741 /* Release */ = {
			isa = XCBuildConfiguration;
			baseConfigurationReference = 58AE717C820DD13477C83383 /* Pods-LivingTVDemo.release.xcconfig */;
			buildSettings = {
				ASSETCATALOG_COMPILER_APPICON_NAME = AppIcon;
				ASSETCATALOG_COMPILER_LAUNCHIMAGE_NAME = LaunchImage;
				DEVELOPMENT_TEAM = MG8F833H9S;
				INFOPLIST_FILE = LivingTVDemo/Info.plist;
				IPHONEOS_DEPLOYMENT_TARGET = 9.0;
				LD_RUNPATH_SEARCH_PATHS = "$(inherited) @executable_path/Frameworks";
				PRODUCT_BUNDLE_IDENTIFIER = "airfoldcat-gmail.com.LivingTVDemo";
				PRODUCT_NAME = "$(TARGET_NAME)";
				SWIFT_VERSION = 3.0;
			};
			name = Release;
		};
/* End XCBuildConfiguration section */

/* Begin XCConfigurationList section */
		C97C00B51E23957E0066D741 /* Build configuration list for PBXProject "LivingTVDemo" */ = {
			isa = XCConfigurationList;
			buildConfigurations = (
				C97C00CA1E23957F0066D741 /* Debug */,
				C97C00CB1E23957F0066D741 /* Release */,
			);
			defaultConfigurationIsVisible = 0;
			defaultConfigurationName = Release;
		};
		C97C00CC1E23957F0066D741 /* Build configuration list for PBXNativeTarget "LivingTVDemo" */ = {
			isa = XCConfigurationList;
			buildConfigurations = (
				C97C00CD1E23957F0066D741 /* Debug */,
				C97C00CE1E23957F0066D741 /* Release */,
			);
			defaultConfigurationIsVisible = 0;
			defaultConfigurationName = Release;
		};
/* End XCConfigurationList section */
	};
	rootObject = C97C00B21E23957E0066D741 /* Project object */;
}
